
Microsoft Visual Studio Solution File, Format Version 12.00
# Visual Studio Version 16
VisualStudioVersion = 16.0.30309.148
MinimumVisualStudioVersion = 10.0.40219.1
Project("{FAE04EC0-301F-11D3-BF4B-00C04F79EFBC}") = "01-调试和错误处理", "01-调试和错误处理\01-调试和错误处理.csproj", "{E90E726C-C4C3-4783-B82C-F876ED597C55}"
EndProject
Global
	GlobalSection(SolutionConfigurationPlatforms) = preSolution
		Debug|Any CPU = Debug|Any CPU
		Release|Any CPU = Release|Any CPU
	EndGlobalSection
	GlobalSection(ProjectConfigurationPlatforms) = postSolution
		{E90E726C-C4C3-4783-B82C-F876ED597C55}.Debug|Any CPU.ActiveCfg = Debug|Any CPU
		{E90E726C-C4C3-4783-B82C-F876ED597C55}.Debug|Any CPU.Build.0 = Debug|Any CPU
		{E90E726C-C4C3-4783-B82C-F876ED597C55}.Release|Any CPU.ActiveCfg = Release|Any CPU
		{E90E726C-C4C3-4783-B82C-F876ED597C55}.Release|Any CPU.Build.0 = Release|Any CPU
	EndGlobalSection
	GlobalSection(SolutionProperties) = preSolution
		HideSolutionNode = FALSE
	EndGlobalSection
	GlobalSection(ExtensibilityGlobals) = postSolution
		SolutionGuid = {029D1C9E-F6E1-464C-A4FE-23CAA1B8488C}
	EndGlobalSection
EndGlobal
