
Microsoft Visual Studio Solution File, Format Version 12.00
# Visual Studio Version 16
VisualStudioVersion = 16.0.30309.148
MinimumVisualStudioVersion = 10.0.40219.1
Project("{9A19103F-16F7-4668-BE54-9A1E7A4F7556}") = "01-调试和错误处理", "01-调试和错误处理\01-调试和错误处理.csproj", "{E90E726C-C4C3-4783-B82C-F876ED597C55}"
EndProject
Project("{9A19103F-16F7-4668-BE54-9A1E7A4F7556}") = "02-中断模式下的调试", "02-中断模式下的调试\02-中断模式下的调试.csproj", "{9C67E847-00D4-49EB-A3B8-18FC0B085CD8}"
EndProject
Project("{9A19103F-16F7-4668-BE54-9A1E7A4F7556}") = "03-错误处理异常处理", "03-错误处理异常处理\03-错误处理异常处理.csproj", "{9FD428CA-832E-4AE3-B725-139A522D07E6}"
EndProject
Project("{9A19103F-16F7-4668-BE54-9A1E7A4F7556}") = "04-异常处理案例2", "04-异常处理案例2\04-异常处理案例2.csproj", "{3688BE22-CC52-4849-9B99-8984B4296D5D}"
EndProject
Project("{9A19103F-16F7-4668-BE54-9A1E7A4F7556}") = "05-面向对象编程-类", "05-面向对象编程-类\05-面向对象编程-类.csproj", "{2E593052-4D8F-4BA4-BBEB-3E60828E9AC6}"
EndProject
Project("{9A19103F-16F7-4668-BE54-9A1E7A4F7556}") = "06-类的定义和声明", "06-类的定义和声明\06-类的定义和声明.csproj", "{AB8D609A-5B26-4FEF-A525-183A577F31BB}"
EndProject
Project("{9A19103F-16F7-4668-BE54-9A1E7A4F7556}") = "07-匿名类型", "07-匿名类型\07-匿名类型.csproj", "{AC870712-F424-4246-BB3C-9E66B37E258B}"
EndProject
Project("{9A19103F-16F7-4668-BE54-9A1E7A4F7556}") = "08-值类型和引用类型-程序运行时内存的占用", "08-值类型和引用类型-程序运行时内存的占用\08-值类型和引用类型-程序运行时内存的占用.csproj", "{37C6E945-342A-4D9C-9FC7-E3B1CB11FF67}"
EndProject
Project("{9A19103F-16F7-4668-BE54-9A1E7A4F7556}") = "09-面向对象编程-继承", "09-面向对象编程-继承\09-面向对象编程-继承.csproj", "{2DAAB057-F3CB-4DAD-BC60-D81C149EF3F7}"
EndProject
Project("{9A19103F-16F7-4668-BE54-9A1E7A4F7556}") = "10-密封类和密封方法", "10-密封类和密封方法\10-密封类和密封方法.csproj", "{3BE21151-297E-4840-B485-65E6A1C08DAE}"
EndProject
Project("{9A19103F-16F7-4668-BE54-9A1E7A4F7556}") = "11-派生类的构造函数", "11-派生类的构造函数\11-派生类的构造函数.csproj", "{E5C80998-A051-42B3-A341-7BD93CD9D729}"
EndProject
Project("{FAE04EC0-301F-11D3-BF4B-00C04F79EFBC}") = "12-定义和实现接口", "12-定义和实现接口\12-定义和实现接口.csproj", "{134249FC-D293-49D6-805F-8D0873EC8B5A}"
EndProject
Project("{FAE04EC0-301F-11D3-BF4B-00C04F79EFBC}") = "14-列表List的创建和使用", "14-列表List的创建和使用\14-列表List的创建和使用.csproj", "{F411E60F-2861-4868-96B3-F0587FA98E49}"
EndProject
Project("{FAE04EC0-301F-11D3-BF4B-00C04F79EFBC}") = "15-列表的遍历", "15-列表的遍历\15-列表的遍历.csproj", "{6DE613B4-D310-4F3B-9867-8447987CDE61}"
EndProject
Project("{FAE04EC0-301F-11D3-BF4B-00C04F79EFBC}") = "16-操作列表的属性和方法", "16-操作列表的属性和方法\16-操作列表的属性和方法.csproj", "{6D17B0AA-BCC8-4131-B8FA-EB3522ED30AF}"
EndProject
Global
	GlobalSection(SolutionConfigurationPlatforms) = preSolution
		Debug|Any CPU = Debug|Any CPU
		Release|Any CPU = Release|Any CPU
	EndGlobalSection
	GlobalSection(ProjectConfigurationPlatforms) = postSolution
		{E90E726C-C4C3-4783-B82C-F876ED597C55}.Debug|Any CPU.ActiveCfg = Debug|Any CPU
		{E90E726C-C4C3-4783-B82C-F876ED597C55}.Debug|Any CPU.Build.0 = Debug|Any CPU
		{E90E726C-C4C3-4783-B82C-F876ED597C55}.Release|Any CPU.ActiveCfg = Release|Any CPU
		{E90E726C-C4C3-4783-B82C-F876ED597C55}.Release|Any CPU.Build.0 = Release|Any CPU
		{9C67E847-00D4-49EB-A3B8-18FC0B085CD8}.Debug|Any CPU.ActiveCfg = Debug|Any CPU
		{9C67E847-00D4-49EB-A3B8-18FC0B085CD8}.Debug|Any CPU.Build.0 = Debug|Any CPU
		{9C67E847-00D4-49EB-A3B8-18FC0B085CD8}.Release|Any CPU.ActiveCfg = Release|Any CPU
		{9C67E847-00D4-49EB-A3B8-18FC0B085CD8}.Release|Any CPU.Build.0 = Release|Any CPU
		{9FD428CA-832E-4AE3-B725-139A522D07E6}.Debug|Any CPU.ActiveCfg = Debug|Any CPU
		{9FD428CA-832E-4AE3-B725-139A522D07E6}.Debug|Any CPU.Build.0 = Debug|Any CPU
		{9FD428CA-832E-4AE3-B725-139A522D07E6}.Release|Any CPU.ActiveCfg = Release|Any CPU
		{9FD428CA-832E-4AE3-B725-139A522D07E6}.Release|Any CPU.Build.0 = Release|Any CPU
		{3688BE22-CC52-4849-9B99-8984B4296D5D}.Debug|Any CPU.ActiveCfg = Debug|Any CPU
		{3688BE22-CC52-4849-9B99-8984B4296D5D}.Debug|Any CPU.Build.0 = Debug|Any CPU
		{3688BE22-CC52-4849-9B99-8984B4296D5D}.Release|Any CPU.ActiveCfg = Release|Any CPU
		{3688BE22-CC52-4849-9B99-8984B4296D5D}.Release|Any CPU.Build.0 = Release|Any CPU
		{2E593052-4D8F-4BA4-BBEB-3E60828E9AC6}.Debug|Any CPU.ActiveCfg = Debug|Any CPU
		{2E593052-4D8F-4BA4-BBEB-3E60828E9AC6}.Debug|Any CPU.Build.0 = Debug|Any CPU
		{2E593052-4D8F-4BA4-BBEB-3E60828E9AC6}.Release|Any CPU.ActiveCfg = Release|Any CPU
		{2E593052-4D8F-4BA4-BBEB-3E60828E9AC6}.Release|Any CPU.Build.0 = Release|Any CPU
		{AB8D609A-5B26-4FEF-A525-183A577F31BB}.Debug|Any CPU.ActiveCfg = Debug|Any CPU
		{AB8D609A-5B26-4FEF-A525-183A577F31BB}.Debug|Any CPU.Build.0 = Debug|Any CPU
		{AB8D609A-5B26-4FEF-A525-183A577F31BB}.Release|Any CPU.ActiveCfg = Release|Any CPU
		{AB8D609A-5B26-4FEF-A525-183A577F31BB}.Release|Any CPU.Build.0 = Release|Any CPU
		{AC870712-F424-4246-BB3C-9E66B37E258B}.Debug|Any CPU.ActiveCfg = Debug|Any CPU
		{AC870712-F424-4246-BB3C-9E66B37E258B}.Debug|Any CPU.Build.0 = Debug|Any CPU
		{AC870712-F424-4246-BB3C-9E66B37E258B}.Release|Any CPU.ActiveCfg = Release|Any CPU
		{AC870712-F424-4246-BB3C-9E66B37E258B}.Release|Any CPU.Build.0 = Release|Any CPU
		{37C6E945-342A-4D9C-9FC7-E3B1CB11FF67}.Debug|Any CPU.ActiveCfg = Debug|Any CPU
		{37C6E945-342A-4D9C-9FC7-E3B1CB11FF67}.Debug|Any CPU.Build.0 = Debug|Any CPU
		{37C6E945-342A-4D9C-9FC7-E3B1CB11FF67}.Release|Any CPU.ActiveCfg = Release|Any CPU
		{37C6E945-342A-4D9C-9FC7-E3B1CB11FF67}.Release|Any CPU.Build.0 = Release|Any CPU
		{2DAAB057-F3CB-4DAD-BC60-D81C149EF3F7}.Debug|Any CPU.ActiveCfg = Debug|Any CPU
		{2DAAB057-F3CB-4DAD-BC60-D81C149EF3F7}.Debug|Any CPU.Build.0 = Debug|Any CPU
		{2DAAB057-F3CB-4DAD-BC60-D81C149EF3F7}.Release|Any CPU.ActiveCfg = Release|Any CPU
		{2DAAB057-F3CB-4DAD-BC60-D81C149EF3F7}.Release|Any CPU.Build.0 = Release|Any CPU
		{3BE21151-297E-4840-B485-65E6A1C08DAE}.Debug|Any CPU.ActiveCfg = Debug|Any CPU
		{3BE21151-297E-4840-B485-65E6A1C08DAE}.Debug|Any CPU.Build.0 = Debug|Any CPU
		{3BE21151-297E-4840-B485-65E6A1C08DAE}.Release|Any CPU.ActiveCfg = Release|Any CPU
		{3BE21151-297E-4840-B485-65E6A1C08DAE}.Release|Any CPU.Build.0 = Release|Any CPU
		{E5C80998-A051-42B3-A341-7BD93CD9D729}.Debug|Any CPU.ActiveCfg = Debug|Any CPU
		{E5C80998-A051-42B3-A341-7BD93CD9D729}.Debug|Any CPU.Build.0 = Debug|Any CPU
		{E5C80998-A051-42B3-A341-7BD93CD9D729}.Release|Any CPU.ActiveCfg = Release|Any CPU
		{E5C80998-A051-42B3-A341-7BD93CD9D729}.Release|Any CPU.Build.0 = Release|Any CPU
		{134249FC-D293-49D6-805F-8D0873EC8B5A}.Debug|Any CPU.ActiveCfg = Debug|Any CPU
		{134249FC-D293-49D6-805F-8D0873EC8B5A}.Debug|Any CPU.Build.0 = Debug|Any CPU
		{134249FC-D293-49D6-805F-8D0873EC8B5A}.Release|Any CPU.ActiveCfg = Release|Any CPU
		{134249FC-D293-49D6-805F-8D0873EC8B5A}.Release|Any CPU.Build.0 = Release|Any CPU
		{F411E60F-2861-4868-96B3-F0587FA98E49}.Debug|Any CPU.ActiveCfg = Debug|Any CPU
		{F411E60F-2861-4868-96B3-F0587FA98E49}.Debug|Any CPU.Build.0 = Debug|Any CPU
		{F411E60F-2861-4868-96B3-F0587FA98E49}.Release|Any CPU.ActiveCfg = Release|Any CPU
		{F411E60F-2861-4868-96B3-F0587FA98E49}.Release|Any CPU.Build.0 = Release|Any CPU
		{6DE613B4-D310-4F3B-9867-8447987CDE61}.Debug|Any CPU.ActiveCfg = Debug|Any CPU
		{6DE613B4-D310-4F3B-9867-8447987CDE61}.Debug|Any CPU.Build.0 = Debug|Any CPU
		{6DE613B4-D310-4F3B-9867-8447987CDE61}.Release|Any CPU.ActiveCfg = Release|Any CPU
		{6DE613B4-D310-4F3B-9867-8447987CDE61}.Release|Any CPU.Build.0 = Release|Any CPU
		{6D17B0AA-BCC8-4131-B8FA-EB3522ED30AF}.Debug|Any CPU.ActiveCfg = Debug|Any CPU
		{6D17B0AA-BCC8-4131-B8FA-EB3522ED30AF}.Debug|Any CPU.Build.0 = Debug|Any CPU
		{6D17B0AA-BCC8-4131-B8FA-EB3522ED30AF}.Release|Any CPU.ActiveCfg = Release|Any CPU
		{6D17B0AA-BCC8-4131-B8FA-EB3522ED30AF}.Release|Any CPU.Build.0 = Release|Any CPU
	EndGlobalSection
	GlobalSection(SolutionProperties) = preSolution
		HideSolutionNode = FALSE
	EndGlobalSection
	GlobalSection(ExtensibilityGlobals) = postSolution
		SolutionGuid = {029D1C9E-F6E1-464C-A4FE-23CAA1B8488C}
	EndGlobalSection
EndGlobal
