
Microsoft Visual Studio Solution File, Format Version 12.00
# Visual Studio Version 16
VisualStudioVersion = 16.0.30503.244
MinimumVisualStudioVersion = 10.0.40219.1
Project("{9A19103F-16F7-4668-BE54-9A1E7A4F7556}") = "01-第一个程序", "01-第一个程序\01-第一个程序.csproj", "{27535716-E323-419F-9D5C-1EE74003D0EE}"
EndProject
Project("{9A19103F-16F7-4668-BE54-9A1E7A4F7556}") = "024-While循环", "024-While循环\024-While循环.csproj", "{1CB507EF-40EA-485A-9CD5-2387654645C4}"
EndProject
Project("{9A19103F-16F7-4668-BE54-9A1E7A4F7556}") = "048-函数", "048-函数\048-函数.csproj", "{ED5BC903-60D9-4C21-9295-4E8CE2885971}"
EndProject
Project("{FAE04EC0-301F-11D3-BF4B-00C04F79EFBC}") = "050-参数数组", "050-参数数组\050-参数数组.csproj", "{FAA78C3A-BC5F-4BEE-89EC-89CAAEF43BCF}"
EndProject
Project("{FAE04EC0-301F-11D3-BF4B-00C04F79EFBC}") = "051-结构函数", "051-结构函数\051-结构函数.csproj", "{5811DC0C-40C0-4402-A6AE-28C66599B5DC}"
EndProject
Project("{FAE04EC0-301F-11D3-BF4B-00C04F79EFBC}") = "052-函数的重载", "052-函数的重载\052-函数的重载.csproj", "{6BAED168-62B0-4DB5-A754-D3E89D846D4B}"
EndProject
Project("{FAE04EC0-301F-11D3-BF4B-00C04F79EFBC}") = "053-委托的定义和声明", "053-委托的定义和声明\053-委托的定义和声明.csproj", "{AF5C1A5B-217B-49DB-8561-053C96B81765}"
EndProject
Project("{FAE04EC0-301F-11D3-BF4B-00C04F79EFBC}") = "054-函数的递归调用", "054-函数的递归调用\054-函数的递归调用.csproj", "{8CBA4EF5-4E5C-4507-975F-D189B9E98B07}"
EndProject
Global
	GlobalSection(SolutionConfigurationPlatforms) = preSolution
		Debug|Any CPU = Debug|Any CPU
		Release|Any CPU = Release|Any CPU
	EndGlobalSection
	GlobalSection(ProjectConfigurationPlatforms) = postSolution
		{27535716-E323-419F-9D5C-1EE74003D0EE}.Debug|Any CPU.ActiveCfg = Debug|Any CPU
		{27535716-E323-419F-9D5C-1EE74003D0EE}.Debug|Any CPU.Build.0 = Debug|Any CPU
		{27535716-E323-419F-9D5C-1EE74003D0EE}.Release|Any CPU.ActiveCfg = Release|Any CPU
		{27535716-E323-419F-9D5C-1EE74003D0EE}.Release|Any CPU.Build.0 = Release|Any CPU
		{1CB507EF-40EA-485A-9CD5-2387654645C4}.Debug|Any CPU.ActiveCfg = Debug|Any CPU
		{1CB507EF-40EA-485A-9CD5-2387654645C4}.Debug|Any CPU.Build.0 = Debug|Any CPU
		{1CB507EF-40EA-485A-9CD5-2387654645C4}.Release|Any CPU.ActiveCfg = Release|Any CPU
		{1CB507EF-40EA-485A-9CD5-2387654645C4}.Release|Any CPU.Build.0 = Release|Any CPU
		{ED5BC903-60D9-4C21-9295-4E8CE2885971}.Debug|Any CPU.ActiveCfg = Debug|Any CPU
		{ED5BC903-60D9-4C21-9295-4E8CE2885971}.Debug|Any CPU.Build.0 = Debug|Any CPU
		{ED5BC903-60D9-4C21-9295-4E8CE2885971}.Release|Any CPU.ActiveCfg = Release|Any CPU
		{ED5BC903-60D9-4C21-9295-4E8CE2885971}.Release|Any CPU.Build.0 = Release|Any CPU
		{FAA78C3A-BC5F-4BEE-89EC-89CAAEF43BCF}.Debug|Any CPU.ActiveCfg = Debug|Any CPU
		{FAA78C3A-BC5F-4BEE-89EC-89CAAEF43BCF}.Debug|Any CPU.Build.0 = Debug|Any CPU
		{FAA78C3A-BC5F-4BEE-89EC-89CAAEF43BCF}.Release|Any CPU.ActiveCfg = Release|Any CPU
		{FAA78C3A-BC5F-4BEE-89EC-89CAAEF43BCF}.Release|Any CPU.Build.0 = Release|Any CPU
		{5811DC0C-40C0-4402-A6AE-28C66599B5DC}.Debug|Any CPU.ActiveCfg = Debug|Any CPU
		{5811DC0C-40C0-4402-A6AE-28C66599B5DC}.Debug|Any CPU.Build.0 = Debug|Any CPU
		{5811DC0C-40C0-4402-A6AE-28C66599B5DC}.Release|Any CPU.ActiveCfg = Release|Any CPU
		{5811DC0C-40C0-4402-A6AE-28C66599B5DC}.Release|Any CPU.Build.0 = Release|Any CPU
		{6BAED168-62B0-4DB5-A754-D3E89D846D4B}.Debug|Any CPU.ActiveCfg = Debug|Any CPU
		{6BAED168-62B0-4DB5-A754-D3E89D846D4B}.Debug|Any CPU.Build.0 = Debug|Any CPU
		{6BAED168-62B0-4DB5-A754-D3E89D846D4B}.Release|Any CPU.ActiveCfg = Release|Any CPU
		{6BAED168-62B0-4DB5-A754-D3E89D846D4B}.Release|Any CPU.Build.0 = Release|Any CPU
		{AF5C1A5B-217B-49DB-8561-053C96B81765}.Debug|Any CPU.ActiveCfg = Debug|Any CPU
		{AF5C1A5B-217B-49DB-8561-053C96B81765}.Debug|Any CPU.Build.0 = Debug|Any CPU
		{AF5C1A5B-217B-49DB-8561-053C96B81765}.Release|Any CPU.ActiveCfg = Release|Any CPU
		{AF5C1A5B-217B-49DB-8561-053C96B81765}.Release|Any CPU.Build.0 = Release|Any CPU
		{8CBA4EF5-4E5C-4507-975F-D189B9E98B07}.Debug|Any CPU.ActiveCfg = Debug|Any CPU
		{8CBA4EF5-4E5C-4507-975F-D189B9E98B07}.Debug|Any CPU.Build.0 = Debug|Any CPU
		{8CBA4EF5-4E5C-4507-975F-D189B9E98B07}.Release|Any CPU.ActiveCfg = Release|Any CPU
		{8CBA4EF5-4E5C-4507-975F-D189B9E98B07}.Release|Any CPU.Build.0 = Release|Any CPU
	EndGlobalSection
	GlobalSection(SolutionProperties) = preSolution
		HideSolutionNode = FALSE
	EndGlobalSection
	GlobalSection(ExtensibilityGlobals) = postSolution
		SolutionGuid = {2A3F7F96-6CA0-4799-BB86-D52DAC285294}
	EndGlobalSection
EndGlobal
